
Microsoft Visual Studio Solution File, Format Version 12.00
# Visual Studio 15
VisualStudioVersion = 15.0.27428.2011
MinimumVisualStudioVersion = 10.0.40219.1
Project("{9A19103F-16F7-4668-BE54-9A1E7A4F7556}") = "dkapp", "dkapp\dkapp.csproj", "{082DCEE3-049B-4BD8-A863-A0612CD67E8F}"
EndProject
Project("{2150E333-8FDC-42A3-9474-1A3956D46DE8}") = "Finance", "Finance", "{D8AB2C60-82E6-4FD8-845E-A20269A743F8}"
EndProject
Project("{9A19103F-16F7-4668-BE54-9A1E7A4F7556}") = "Xtb.Core", "Xtb.Core\Xtb.Core.csproj", "{CEDC0353-F0BB-4429-AACC-C50F89E00A6C}"
EndProject
Project("{2150E333-8FDC-42A3-9474-1A3956D46DE8}") = "Core", "Core", "{ADACE711-3E0D-428C-AFA8-0488D2A8ECCD}"
	ProjectSection(SolutionItems) = preProject
		Ideas.txt = Ideas.txt
	EndProjectSection
EndProject
Project("{9A19103F-16F7-4668-BE54-9A1E7A4F7556}") = "Core.Common", "Common\Core.Common.csproj", "{C1817F81-FD08-43E0-BC27-C0F4F9ABD988}"
EndProject
Project("{2150E333-8FDC-42A3-9474-1A3956D46DE8}") = "Tests", "Tests", "{9973C7D6-1E73-4910-9DD7-5559AD7F4130}"
EndProject
Project("{9A19103F-16F7-4668-BE54-9A1E7A4F7556}") = "ConsoleTesting", "ConsoleTesting\ConsoleTesting.csproj", "{FCEF9BFE-0540-40CD-9134-01635D12F9C6}"
EndProject
Project("{9A19103F-16F7-4668-BE54-9A1E7A4F7556}") = "Core.Model", "Core.Model\Core.Model.csproj", "{EAA10BC8-ED18-4AC5-AD6E-846513A6E58F}"
EndProject
Project("{2150E333-8FDC-42A3-9474-1A3956D46DE8}") = "Flats", "Flats", "{215E2A5C-1248-4A34-B2CE-2C10691B5855}"
EndProject
Project("{9A19103F-16F7-4668-BE54-9A1E7A4F7556}") = "Flats.Core", "Flats.Core\Flats.Core.csproj", "{F2F0624D-3F7C-4EC6-BB9F-6B31EA360FAD}"
EndProject
Project("{2150E333-8FDC-42A3-9474-1A3956D46DE8}") = "Jobs", "Jobs", "{910133A8-F81A-4CDE-BDF2-7D904591E30B}"
EndProject
Project("{9A19103F-16F7-4668-BE54-9A1E7A4F7556}") = "Jobs.Scheduler", "Jobs.Scheduler\Jobs.Scheduler.csproj", "{6288C00A-6865-4D83-A06F-D8ABA3710C34}"
EndProject
Project("{9A19103F-16F7-4668-BE54-9A1E7A4F7556}") = "Xtb.ApiConnector", "Xtb.ApiConnector\Xtb.ApiConnector.csproj", "{6EF51A4B-C6D9-4250-9219-D19C3A728668}"
EndProject
Project("{9A19103F-16F7-4668-BE54-9A1E7A4F7556}") = "Jobs.OldScheduler", "Jobs.OldScheduler\Jobs.OldScheduler.csproj", "{F0D856AE-458D-4EBE-BD05-FB7B98413A40}"
EndProject
Project("{9A19103F-16F7-4668-BE54-9A1E7A4F7556}") = "Core.Domain", "Core.Domain\Core.Domain.csproj", "{2C5922CE-A1F4-45D4-8ABD-817C01EF6D75}"
EndProject
Project("{9A19103F-16F7-4668-BE54-9A1E7A4F7556}") = "Tests.Flats", "Tests.Flats\Tests.Flats.csproj", "{8D642595-F116-40BB-B1BA-60F350D7690A}"
EndProject
Project("{9A19103F-16F7-4668-BE54-9A1E7A4F7556}") = "Binance.Api", "Binance.Api\Binance.Api.csproj", "{07F98088-3F8D-41B2-A459-81CD3926641E}"
EndProject
Project("{9A19103F-16F7-4668-BE54-9A1E7A4F7556}") = "Tests.Binance", "Tests.Binance\Tests.Binance.csproj", "{5352416B-9AEF-4BAA-9E35-3261CED92CE4}"
EndProject
Project("{9A19103F-16F7-4668-BE54-9A1E7A4F7556}") = "Tests.Performance", "Tests.Performance\Tests.Performance.csproj", "{7AD7F10E-8A8E-4219-AF77-79D3DB7FFC5F}"
EndProject
Project("{FAE04EC0-301F-11D3-BF4B-00C04F79EFBC}") = "Core.Common.Mock", "Core.Common.Mock\Core.Common.Mock.csproj", "{96E968EE-3F9F-4D0E-8CD1-E04EE9C0548F}"
EndProject
Global
	GlobalSection(SolutionConfigurationPlatforms) = preSolution
		Debug|Any CPU = Debug|Any CPU
		Release|Any CPU = Release|Any CPU
	EndGlobalSection
	GlobalSection(ProjectConfigurationPlatforms) = postSolution
		{082DCEE3-049B-4BD8-A863-A0612CD67E8F}.Debug|Any CPU.ActiveCfg = Debug|Any CPU
		{082DCEE3-049B-4BD8-A863-A0612CD67E8F}.Debug|Any CPU.Build.0 = Debug|Any CPU
		{082DCEE3-049B-4BD8-A863-A0612CD67E8F}.Release|Any CPU.ActiveCfg = Release|Any CPU
		{082DCEE3-049B-4BD8-A863-A0612CD67E8F}.Release|Any CPU.Build.0 = Release|Any CPU
		{CEDC0353-F0BB-4429-AACC-C50F89E00A6C}.Debug|Any CPU.ActiveCfg = Debug|Any CPU
		{CEDC0353-F0BB-4429-AACC-C50F89E00A6C}.Debug|Any CPU.Build.0 = Debug|Any CPU
		{CEDC0353-F0BB-4429-AACC-C50F89E00A6C}.Release|Any CPU.ActiveCfg = Release|Any CPU
		{CEDC0353-F0BB-4429-AACC-C50F89E00A6C}.Release|Any CPU.Build.0 = Release|Any CPU
		{C1817F81-FD08-43E0-BC27-C0F4F9ABD988}.Debug|Any CPU.ActiveCfg = Debug|Any CPU
		{C1817F81-FD08-43E0-BC27-C0F4F9ABD988}.Debug|Any CPU.Build.0 = Debug|Any CPU
		{C1817F81-FD08-43E0-BC27-C0F4F9ABD988}.Release|Any CPU.ActiveCfg = Release|Any CPU
		{C1817F81-FD08-43E0-BC27-C0F4F9ABD988}.Release|Any CPU.Build.0 = Release|Any CPU
		{FCEF9BFE-0540-40CD-9134-01635D12F9C6}.Debug|Any CPU.ActiveCfg = Debug|Any CPU
		{FCEF9BFE-0540-40CD-9134-01635D12F9C6}.Debug|Any CPU.Build.0 = Debug|Any CPU
		{FCEF9BFE-0540-40CD-9134-01635D12F9C6}.Release|Any CPU.ActiveCfg = Release|Any CPU
		{FCEF9BFE-0540-40CD-9134-01635D12F9C6}.Release|Any CPU.Build.0 = Release|Any CPU
		{EAA10BC8-ED18-4AC5-AD6E-846513A6E58F}.Debug|Any CPU.ActiveCfg = Debug|Any CPU
		{EAA10BC8-ED18-4AC5-AD6E-846513A6E58F}.Debug|Any CPU.Build.0 = Debug|Any CPU
		{EAA10BC8-ED18-4AC5-AD6E-846513A6E58F}.Release|Any CPU.ActiveCfg = Release|Any CPU
		{EAA10BC8-ED18-4AC5-AD6E-846513A6E58F}.Release|Any CPU.Build.0 = Release|Any CPU
		{F2F0624D-3F7C-4EC6-BB9F-6B31EA360FAD}.Debug|Any CPU.ActiveCfg = Debug|Any CPU
		{F2F0624D-3F7C-4EC6-BB9F-6B31EA360FAD}.Debug|Any CPU.Build.0 = Debug|Any CPU
		{F2F0624D-3F7C-4EC6-BB9F-6B31EA360FAD}.Release|Any CPU.ActiveCfg = Release|Any CPU
		{F2F0624D-3F7C-4EC6-BB9F-6B31EA360FAD}.Release|Any CPU.Build.0 = Release|Any CPU
		{6288C00A-6865-4D83-A06F-D8ABA3710C34}.Debug|Any CPU.ActiveCfg = Debug|Any CPU
		{6288C00A-6865-4D83-A06F-D8ABA3710C34}.Debug|Any CPU.Build.0 = Debug|Any CPU
		{6288C00A-6865-4D83-A06F-D8ABA3710C34}.Release|Any CPU.ActiveCfg = Release|Any CPU
		{6288C00A-6865-4D83-A06F-D8ABA3710C34}.Release|Any CPU.Build.0 = Release|Any CPU
		{6EF51A4B-C6D9-4250-9219-D19C3A728668}.Debug|Any CPU.ActiveCfg = Debug|Any CPU
		{6EF51A4B-C6D9-4250-9219-D19C3A728668}.Debug|Any CPU.Build.0 = Debug|Any CPU
		{6EF51A4B-C6D9-4250-9219-D19C3A728668}.Release|Any CPU.ActiveCfg = Release|Any CPU
		{6EF51A4B-C6D9-4250-9219-D19C3A728668}.Release|Any CPU.Build.0 = Release|Any CPU
		{F0D856AE-458D-4EBE-BD05-FB7B98413A40}.Debug|Any CPU.ActiveCfg = Debug|Any CPU
		{F0D856AE-458D-4EBE-BD05-FB7B98413A40}.Debug|Any CPU.Build.0 = Debug|Any CPU
		{F0D856AE-458D-4EBE-BD05-FB7B98413A40}.Release|Any CPU.ActiveCfg = Release|Any CPU
		{F0D856AE-458D-4EBE-BD05-FB7B98413A40}.Release|Any CPU.Build.0 = Release|Any CPU
		{2C5922CE-A1F4-45D4-8ABD-817C01EF6D75}.Debug|Any CPU.ActiveCfg = Debug|Any CPU
		{2C5922CE-A1F4-45D4-8ABD-817C01EF6D75}.Debug|Any CPU.Build.0 = Debug|Any CPU
		{2C5922CE-A1F4-45D4-8ABD-817C01EF6D75}.Release|Any CPU.ActiveCfg = Release|Any CPU
		{2C5922CE-A1F4-45D4-8ABD-817C01EF6D75}.Release|Any CPU.Build.0 = Release|Any CPU
		{8D642595-F116-40BB-B1BA-60F350D7690A}.Debug|Any CPU.ActiveCfg = Debug|Any CPU
		{8D642595-F116-40BB-B1BA-60F350D7690A}.Debug|Any CPU.Build.0 = Debug|Any CPU
		{8D642595-F116-40BB-B1BA-60F350D7690A}.Release|Any CPU.ActiveCfg = Release|Any CPU
		{8D642595-F116-40BB-B1BA-60F350D7690A}.Release|Any CPU.Build.0 = Release|Any CPU
		{07F98088-3F8D-41B2-A459-81CD3926641E}.Debug|Any CPU.ActiveCfg = Debug|Any CPU
		{07F98088-3F8D-41B2-A459-81CD3926641E}.Debug|Any CPU.Build.0 = Debug|Any CPU
		{07F98088-3F8D-41B2-A459-81CD3926641E}.Release|Any CPU.ActiveCfg = Release|Any CPU
		{07F98088-3F8D-41B2-A459-81CD3926641E}.Release|Any CPU.Build.0 = Release|Any CPU
		{5352416B-9AEF-4BAA-9E35-3261CED92CE4}.Debug|Any CPU.ActiveCfg = Debug|Any CPU
		{5352416B-9AEF-4BAA-9E35-3261CED92CE4}.Debug|Any CPU.Build.0 = Debug|Any CPU
		{5352416B-9AEF-4BAA-9E35-3261CED92CE4}.Release|Any CPU.ActiveCfg = Release|Any CPU
		{5352416B-9AEF-4BAA-9E35-3261CED92CE4}.Release|Any CPU.Build.0 = Release|Any CPU
		{7AD7F10E-8A8E-4219-AF77-79D3DB7FFC5F}.Debug|Any CPU.ActiveCfg = Debug|Any CPU
		{7AD7F10E-8A8E-4219-AF77-79D3DB7FFC5F}.Debug|Any CPU.Build.0 = Debug|Any CPU
		{7AD7F10E-8A8E-4219-AF77-79D3DB7FFC5F}.Release|Any CPU.ActiveCfg = Release|Any CPU
		{7AD7F10E-8A8E-4219-AF77-79D3DB7FFC5F}.Release|Any CPU.Build.0 = Release|Any CPU
		{96E968EE-3F9F-4D0E-8CD1-E04EE9C0548F}.Debug|Any CPU.ActiveCfg = Debug|Any CPU
		{96E968EE-3F9F-4D0E-8CD1-E04EE9C0548F}.Debug|Any CPU.Build.0 = Debug|Any CPU
		{96E968EE-3F9F-4D0E-8CD1-E04EE9C0548F}.Release|Any CPU.ActiveCfg = Release|Any CPU
		{96E968EE-3F9F-4D0E-8CD1-E04EE9C0548F}.Release|Any CPU.Build.0 = Release|Any CPU
	EndGlobalSection
	GlobalSection(SolutionProperties) = preSolution
		HideSolutionNode = FALSE
	EndGlobalSection
	GlobalSection(NestedProjects) = preSolution
		{CEDC0353-F0BB-4429-AACC-C50F89E00A6C} = {D8AB2C60-82E6-4FD8-845E-A20269A743F8}
		{C1817F81-FD08-43E0-BC27-C0F4F9ABD988} = {ADACE711-3E0D-428C-AFA8-0488D2A8ECCD}
		{FCEF9BFE-0540-40CD-9134-01635D12F9C6} = {9973C7D6-1E73-4910-9DD7-5559AD7F4130}
		{EAA10BC8-ED18-4AC5-AD6E-846513A6E58F} = {ADACE711-3E0D-428C-AFA8-0488D2A8ECCD}
		{F2F0624D-3F7C-4EC6-BB9F-6B31EA360FAD} = {215E2A5C-1248-4A34-B2CE-2C10691B5855}
		{6288C00A-6865-4D83-A06F-D8ABA3710C34} = {910133A8-F81A-4CDE-BDF2-7D904591E30B}
		{6EF51A4B-C6D9-4250-9219-D19C3A728668} = {D8AB2C60-82E6-4FD8-845E-A20269A743F8}
		{F0D856AE-458D-4EBE-BD05-FB7B98413A40} = {910133A8-F81A-4CDE-BDF2-7D904591E30B}
		{2C5922CE-A1F4-45D4-8ABD-817C01EF6D75} = {ADACE711-3E0D-428C-AFA8-0488D2A8ECCD}
		{8D642595-F116-40BB-B1BA-60F350D7690A} = {9973C7D6-1E73-4910-9DD7-5559AD7F4130}
		{07F98088-3F8D-41B2-A459-81CD3926641E} = {D8AB2C60-82E6-4FD8-845E-A20269A743F8}
		{5352416B-9AEF-4BAA-9E35-3261CED92CE4} = {9973C7D6-1E73-4910-9DD7-5559AD7F4130}
		{7AD7F10E-8A8E-4219-AF77-79D3DB7FFC5F} = {9973C7D6-1E73-4910-9DD7-5559AD7F4130}
		{96E968EE-3F9F-4D0E-8CD1-E04EE9C0548F} = {9973C7D6-1E73-4910-9DD7-5559AD7F4130}
	EndGlobalSection
	GlobalSection(ExtensibilityGlobals) = postSolution
		SolutionGuid = {A963EC1D-DAFC-4D82-A5AF-AB9D0F4BE688}
	EndGlobalSection
EndGlobal
