
Microsoft Visual Studio Solution File, Format Version 12.00
# Visual Studio Version 16
VisualStudioVersion = 16.0.29519.87
MinimumVisualStudioVersion = 10.0.40219.1
Project("{2150E333-8FDC-42A3-9474-1A3956D46DE8}") = "Finance", "Finance", "{D8AB2C60-82E6-4FD8-845E-A20269A743F8}"
EndProject
Project("{2150E333-8FDC-42A3-9474-1A3956D46DE8}") = "Core", "Core", "{ADACE711-3E0D-428C-AFA8-0488D2A8ECCD}"
	ProjectSection(SolutionItems) = preProject
		Ideas.txt = Ideas.txt
	EndProjectSection
EndProject
Project("{2150E333-8FDC-42A3-9474-1A3956D46DE8}") = "Tests", "Tests", "{9973C7D6-1E73-4910-9DD7-5559AD7F4130}"
EndProject
Project("{2150E333-8FDC-42A3-9474-1A3956D46DE8}") = "Flats", "Flats", "{215E2A5C-1248-4A34-B2CE-2C10691B5855}"
EndProject
Project("{2150E333-8FDC-42A3-9474-1A3956D46DE8}") = "Jobs", "Jobs", "{910133A8-F81A-4CDE-BDF2-7D904591E30B}"
EndProject
Project("{2150E333-8FDC-42A3-9474-1A3956D46DE8}") = "Database", "Database", "{F45CFDFB-862B-4DD3-BD33-82CF6A6D8AA1}"
EndProject
Project("{9A19103F-16F7-4668-BE54-9A1E7A4F7556}") = "Binance.Api", "Finance\Binance.Api\Binance.Api.csproj", "{551906F9-CF60-40D3-ABC4-75209DD9EB84}"
EndProject
Project("{9A19103F-16F7-4668-BE54-9A1E7A4F7556}") = "Xtb.Core", "Finance\Xtb.Core\Xtb.Core.csproj", "{ED6B4DE7-FBF3-4ECF-B183-FCE5DD021BDF}"
EndProject
Project("{FAE04EC0-301F-11D3-BF4B-00C04F79EFBC}") = "Xtb.SyncApiConnector", "Finance\Xtb.ApiConnector\src\SyncAPIConnector\Xtb.SyncApiConnector.csproj", "{E6BC484B-A042-4CA6-9079-E91136D92207}"
EndProject
Project("{2150E333-8FDC-42A3-9474-1A3956D46DE8}") = "Data", "Data", "{196831B4-1E50-49EE-B83D-22FA157D9153}"
EndProject
Project("{9A19103F-16F7-4668-BE54-9A1E7A4F7556}") = "Core.Common", "Core\Core.Common\Core.Common.csproj", "{8F9807AB-13F9-4025-9E3D-8A9464994637}"
EndProject
Project("{9A19103F-16F7-4668-BE54-9A1E7A4F7556}") = "Core.Domain", "Core\Core.Domain\Core.Domain.csproj", "{53D28384-37B7-49E6-A1C5-1C45CA68914C}"
EndProject
Project("{9A19103F-16F7-4668-BE54-9A1E7A4F7556}") = "Core.Model", "Core\Core.Model\Core.Model.csproj", "{7BED8D08-233D-4598-81C9-C4D23B78E1AF}"
EndProject
Project("{9A19103F-16F7-4668-BE54-9A1E7A4F7556}") = "Tests.Binance", "Tests\Tests.Binance\Tests.Binance.csproj", "{875560C1-FCA0-447D-91B9-85FC9113F2B2}"
EndProject
Project("{9A19103F-16F7-4668-BE54-9A1E7A4F7556}") = "Tests.Flats", "Tests\Tests.Flats\Tests.Flats.csproj", "{E9A773E6-4EAD-40DD-9444-182090BD29AC}"
EndProject
Project("{9A19103F-16F7-4668-BE54-9A1E7A4F7556}") = "Tests.Performance", "Tests\Tests.Performance\Tests.Performance.csproj", "{27D04555-1F08-4E0E-A9A1-EBF384E10BED}"
EndProject
Project("{9A19103F-16F7-4668-BE54-9A1E7A4F7556}") = "Flats.Core", "Flats\Flats.Core\Flats.Core.csproj", "{0A00F394-3B81-4A2A-9F4B-A5FE7712C3DC}"
EndProject
Project("{9A19103F-16F7-4668-BE54-9A1E7A4F7556}") = "Jobs.OldScheduler", "Jobs\Jobs.OldScheduler\Jobs.OldScheduler.csproj", "{8E07828D-C285-4404-9CB2-18DCE878D6E4}"
EndProject
Project("{9A19103F-16F7-4668-BE54-9A1E7A4F7556}") = "Jobs.Scheduler", "Jobs\Jobs.Scheduler\Jobs.Scheduler.csproj", "{E851485B-C727-44A8-8410-25921478C696}"
EndProject
Project("{00D1A9C2-B5F0-4AF3-8072-F6C62B433612}") = "PiDatabase", "Database\PiDatabase\PiDatabase.sqlproj", "{5DD06703-2316-4B4F-9129-CC92199B06C0}"
EndProject
Project("{9A19103F-16F7-4668-BE54-9A1E7A4F7556}") = "Data.EF", "Data\Data.EF\Data.EF.csproj", "{D6136AC3-FCCE-4C8E-884B-871AD8084BF0}"
EndProject
Project("{9A19103F-16F7-4668-BE54-9A1E7A4F7556}") = "Data.Repository", "Data\Data.Repository\Data.Repository.csproj", "{26078473-6495-4D42-8626-225648BE3B48}"
EndProject
Project("{9A19103F-16F7-4668-BE54-9A1E7A4F7556}") = "Test.Xtb", "Tests\Test.Xtb\Test.Xtb.csproj", "{417CBC7A-7AC8-4200-8F65-2BBB614C7BB3}"
EndProject
Project("{2150E333-8FDC-42A3-9474-1A3956D46DE8}") = "Presentation", "Presentation", "{F5F4BA31-5446-4C77-83F2-947B45A4A920}"
EndProject
Project("{9A19103F-16F7-4668-BE54-9A1E7A4F7556}") = "Pi.Api", "Presentation\Pi.Api\Pi.Api.csproj", "{7401A6A0-E239-4906-9DFA-6EBDB69C86DE}"
EndProject
Project("{9A19103F-16F7-4668-BE54-9A1E7A4F7556}") = "Pi.Api.Services", "Presentation\Pi.Api.Services\Pi.Api.Services.csproj", "{1C29E51E-7CDF-404C-8D40-88A44C1F80FE}"
EndProject
Project("{9A19103F-16F7-4668-BE54-9A1E7A4F7556}") = "Pi.Api.EF", "Presentation\Pi.Api.EF\Pi.Api.EF.csproj", "{C99E917F-EA08-497C-BF81-69DA5DB9558B}"
EndProject
Project("{9A19103F-16F7-4668-BE54-9A1E7A4F7556}") = "Pi.APi.Models", "Pi.APi.Models\Pi.APi.Models.csproj", "{BCEDA30D-C2BF-4402-8A80-7CFCB4D48EF3}"
EndProject
Project("{FAE04EC0-301F-11D3-BF4B-00C04F79EFBC}") = "Test.PriceParser", "Test.PriceParser\Test.PriceParser.csproj", "{3B6191A6-6546-4513-93AD-D79DEAAB09B0}"
EndProject
Global
	GlobalSection(SolutionConfigurationPlatforms) = preSolution
		Debug|Any CPU = Debug|Any CPU
		Release|Any CPU = Release|Any CPU
	EndGlobalSection
	GlobalSection(ProjectConfigurationPlatforms) = postSolution
		{551906F9-CF60-40D3-ABC4-75209DD9EB84}.Debug|Any CPU.ActiveCfg = Debug|Any CPU
		{551906F9-CF60-40D3-ABC4-75209DD9EB84}.Debug|Any CPU.Build.0 = Debug|Any CPU
		{551906F9-CF60-40D3-ABC4-75209DD9EB84}.Release|Any CPU.ActiveCfg = Release|Any CPU
		{551906F9-CF60-40D3-ABC4-75209DD9EB84}.Release|Any CPU.Build.0 = Release|Any CPU
		{ED6B4DE7-FBF3-4ECF-B183-FCE5DD021BDF}.Debug|Any CPU.ActiveCfg = Debug|Any CPU
		{ED6B4DE7-FBF3-4ECF-B183-FCE5DD021BDF}.Debug|Any CPU.Build.0 = Debug|Any CPU
		{ED6B4DE7-FBF3-4ECF-B183-FCE5DD021BDF}.Release|Any CPU.ActiveCfg = Release|Any CPU
		{ED6B4DE7-FBF3-4ECF-B183-FCE5DD021BDF}.Release|Any CPU.Build.0 = Release|Any CPU
		{E6BC484B-A042-4CA6-9079-E91136D92207}.Debug|Any CPU.ActiveCfg = Debug|Any CPU
		{E6BC484B-A042-4CA6-9079-E91136D92207}.Debug|Any CPU.Build.0 = Debug|Any CPU
		{E6BC484B-A042-4CA6-9079-E91136D92207}.Release|Any CPU.ActiveCfg = Release|Any CPU
		{E6BC484B-A042-4CA6-9079-E91136D92207}.Release|Any CPU.Build.0 = Release|Any CPU
		{8F9807AB-13F9-4025-9E3D-8A9464994637}.Debug|Any CPU.ActiveCfg = Debug|Any CPU
		{8F9807AB-13F9-4025-9E3D-8A9464994637}.Debug|Any CPU.Build.0 = Debug|Any CPU
		{8F9807AB-13F9-4025-9E3D-8A9464994637}.Release|Any CPU.ActiveCfg = Release|Any CPU
		{8F9807AB-13F9-4025-9E3D-8A9464994637}.Release|Any CPU.Build.0 = Release|Any CPU
		{53D28384-37B7-49E6-A1C5-1C45CA68914C}.Debug|Any CPU.ActiveCfg = Debug|Any CPU
		{53D28384-37B7-49E6-A1C5-1C45CA68914C}.Debug|Any CPU.Build.0 = Debug|Any CPU
		{53D28384-37B7-49E6-A1C5-1C45CA68914C}.Release|Any CPU.ActiveCfg = Release|Any CPU
		{53D28384-37B7-49E6-A1C5-1C45CA68914C}.Release|Any CPU.Build.0 = Release|Any CPU
		{7BED8D08-233D-4598-81C9-C4D23B78E1AF}.Debug|Any CPU.ActiveCfg = Debug|Any CPU
		{7BED8D08-233D-4598-81C9-C4D23B78E1AF}.Debug|Any CPU.Build.0 = Debug|Any CPU
		{7BED8D08-233D-4598-81C9-C4D23B78E1AF}.Release|Any CPU.ActiveCfg = Release|Any CPU
		{7BED8D08-233D-4598-81C9-C4D23B78E1AF}.Release|Any CPU.Build.0 = Release|Any CPU
		{875560C1-FCA0-447D-91B9-85FC9113F2B2}.Debug|Any CPU.ActiveCfg = Debug|Any CPU
		{875560C1-FCA0-447D-91B9-85FC9113F2B2}.Debug|Any CPU.Build.0 = Debug|Any CPU
		{875560C1-FCA0-447D-91B9-85FC9113F2B2}.Release|Any CPU.ActiveCfg = Release|Any CPU
		{875560C1-FCA0-447D-91B9-85FC9113F2B2}.Release|Any CPU.Build.0 = Release|Any CPU
		{E9A773E6-4EAD-40DD-9444-182090BD29AC}.Debug|Any CPU.ActiveCfg = Debug|Any CPU
		{E9A773E6-4EAD-40DD-9444-182090BD29AC}.Debug|Any CPU.Build.0 = Debug|Any CPU
		{E9A773E6-4EAD-40DD-9444-182090BD29AC}.Release|Any CPU.ActiveCfg = Release|Any CPU
		{E9A773E6-4EAD-40DD-9444-182090BD29AC}.Release|Any CPU.Build.0 = Release|Any CPU
		{27D04555-1F08-4E0E-A9A1-EBF384E10BED}.Debug|Any CPU.ActiveCfg = Debug|Any CPU
		{27D04555-1F08-4E0E-A9A1-EBF384E10BED}.Debug|Any CPU.Build.0 = Debug|Any CPU
		{27D04555-1F08-4E0E-A9A1-EBF384E10BED}.Release|Any CPU.ActiveCfg = Release|Any CPU
		{27D04555-1F08-4E0E-A9A1-EBF384E10BED}.Release|Any CPU.Build.0 = Release|Any CPU
		{0A00F394-3B81-4A2A-9F4B-A5FE7712C3DC}.Debug|Any CPU.ActiveCfg = Debug|Any CPU
		{0A00F394-3B81-4A2A-9F4B-A5FE7712C3DC}.Debug|Any CPU.Build.0 = Debug|Any CPU
		{0A00F394-3B81-4A2A-9F4B-A5FE7712C3DC}.Release|Any CPU.ActiveCfg = Release|Any CPU
		{0A00F394-3B81-4A2A-9F4B-A5FE7712C3DC}.Release|Any CPU.Build.0 = Release|Any CPU
		{8E07828D-C285-4404-9CB2-18DCE878D6E4}.Debug|Any CPU.ActiveCfg = Debug|Any CPU
		{8E07828D-C285-4404-9CB2-18DCE878D6E4}.Debug|Any CPU.Build.0 = Debug|Any CPU
		{8E07828D-C285-4404-9CB2-18DCE878D6E4}.Release|Any CPU.ActiveCfg = Release|Any CPU
		{8E07828D-C285-4404-9CB2-18DCE878D6E4}.Release|Any CPU.Build.0 = Release|Any CPU
		{E851485B-C727-44A8-8410-25921478C696}.Debug|Any CPU.ActiveCfg = Debug|Any CPU
		{E851485B-C727-44A8-8410-25921478C696}.Debug|Any CPU.Build.0 = Debug|Any CPU
		{E851485B-C727-44A8-8410-25921478C696}.Release|Any CPU.ActiveCfg = Release|Any CPU
		{E851485B-C727-44A8-8410-25921478C696}.Release|Any CPU.Build.0 = Release|Any CPU
		{5DD06703-2316-4B4F-9129-CC92199B06C0}.Debug|Any CPU.ActiveCfg = Debug|Any CPU
		{5DD06703-2316-4B4F-9129-CC92199B06C0}.Debug|Any CPU.Build.0 = Debug|Any CPU
		{5DD06703-2316-4B4F-9129-CC92199B06C0}.Debug|Any CPU.Deploy.0 = Debug|Any CPU
		{5DD06703-2316-4B4F-9129-CC92199B06C0}.Release|Any CPU.ActiveCfg = Release|Any CPU
		{5DD06703-2316-4B4F-9129-CC92199B06C0}.Release|Any CPU.Build.0 = Release|Any CPU
		{5DD06703-2316-4B4F-9129-CC92199B06C0}.Release|Any CPU.Deploy.0 = Release|Any CPU
		{D6136AC3-FCCE-4C8E-884B-871AD8084BF0}.Debug|Any CPU.ActiveCfg = Debug|Any CPU
		{D6136AC3-FCCE-4C8E-884B-871AD8084BF0}.Debug|Any CPU.Build.0 = Debug|Any CPU
		{D6136AC3-FCCE-4C8E-884B-871AD8084BF0}.Release|Any CPU.ActiveCfg = Release|Any CPU
		{D6136AC3-FCCE-4C8E-884B-871AD8084BF0}.Release|Any CPU.Build.0 = Release|Any CPU
		{26078473-6495-4D42-8626-225648BE3B48}.Debug|Any CPU.ActiveCfg = Debug|Any CPU
		{26078473-6495-4D42-8626-225648BE3B48}.Debug|Any CPU.Build.0 = Debug|Any CPU
		{26078473-6495-4D42-8626-225648BE3B48}.Release|Any CPU.ActiveCfg = Release|Any CPU
		{26078473-6495-4D42-8626-225648BE3B48}.Release|Any CPU.Build.0 = Release|Any CPU
		{417CBC7A-7AC8-4200-8F65-2BBB614C7BB3}.Debug|Any CPU.ActiveCfg = Debug|Any CPU
		{417CBC7A-7AC8-4200-8F65-2BBB614C7BB3}.Debug|Any CPU.Build.0 = Debug|Any CPU
		{417CBC7A-7AC8-4200-8F65-2BBB614C7BB3}.Release|Any CPU.ActiveCfg = Release|Any CPU
		{417CBC7A-7AC8-4200-8F65-2BBB614C7BB3}.Release|Any CPU.Build.0 = Release|Any CPU
		{7401A6A0-E239-4906-9DFA-6EBDB69C86DE}.Debug|Any CPU.ActiveCfg = Debug|Any CPU
		{7401A6A0-E239-4906-9DFA-6EBDB69C86DE}.Debug|Any CPU.Build.0 = Debug|Any CPU
		{7401A6A0-E239-4906-9DFA-6EBDB69C86DE}.Release|Any CPU.ActiveCfg = Release|Any CPU
		{7401A6A0-E239-4906-9DFA-6EBDB69C86DE}.Release|Any CPU.Build.0 = Release|Any CPU
		{1C29E51E-7CDF-404C-8D40-88A44C1F80FE}.Debug|Any CPU.ActiveCfg = Debug|Any CPU
		{1C29E51E-7CDF-404C-8D40-88A44C1F80FE}.Debug|Any CPU.Build.0 = Debug|Any CPU
		{1C29E51E-7CDF-404C-8D40-88A44C1F80FE}.Release|Any CPU.ActiveCfg = Release|Any CPU
		{1C29E51E-7CDF-404C-8D40-88A44C1F80FE}.Release|Any CPU.Build.0 = Release|Any CPU
		{C99E917F-EA08-497C-BF81-69DA5DB9558B}.Debug|Any CPU.ActiveCfg = Debug|Any CPU
		{C99E917F-EA08-497C-BF81-69DA5DB9558B}.Debug|Any CPU.Build.0 = Debug|Any CPU
		{C99E917F-EA08-497C-BF81-69DA5DB9558B}.Release|Any CPU.ActiveCfg = Release|Any CPU
		{C99E917F-EA08-497C-BF81-69DA5DB9558B}.Release|Any CPU.Build.0 = Release|Any CPU
		{BCEDA30D-C2BF-4402-8A80-7CFCB4D48EF3}.Debug|Any CPU.ActiveCfg = Debug|Any CPU
		{BCEDA30D-C2BF-4402-8A80-7CFCB4D48EF3}.Debug|Any CPU.Build.0 = Debug|Any CPU
		{BCEDA30D-C2BF-4402-8A80-7CFCB4D48EF3}.Release|Any CPU.ActiveCfg = Release|Any CPU
		{BCEDA30D-C2BF-4402-8A80-7CFCB4D48EF3}.Release|Any CPU.Build.0 = Release|Any CPU
		{3B6191A6-6546-4513-93AD-D79DEAAB09B0}.Debug|Any CPU.ActiveCfg = Debug|Any CPU
		{3B6191A6-6546-4513-93AD-D79DEAAB09B0}.Debug|Any CPU.Build.0 = Debug|Any CPU
		{3B6191A6-6546-4513-93AD-D79DEAAB09B0}.Release|Any CPU.ActiveCfg = Release|Any CPU
		{3B6191A6-6546-4513-93AD-D79DEAAB09B0}.Release|Any CPU.Build.0 = Release|Any CPU
	EndGlobalSection
	GlobalSection(SolutionProperties) = preSolution
		HideSolutionNode = FALSE
	EndGlobalSection
	GlobalSection(NestedProjects) = preSolution
		{551906F9-CF60-40D3-ABC4-75209DD9EB84} = {D8AB2C60-82E6-4FD8-845E-A20269A743F8}
		{ED6B4DE7-FBF3-4ECF-B183-FCE5DD021BDF} = {D8AB2C60-82E6-4FD8-845E-A20269A743F8}
		{E6BC484B-A042-4CA6-9079-E91136D92207} = {D8AB2C60-82E6-4FD8-845E-A20269A743F8}
		{8F9807AB-13F9-4025-9E3D-8A9464994637} = {ADACE711-3E0D-428C-AFA8-0488D2A8ECCD}
		{53D28384-37B7-49E6-A1C5-1C45CA68914C} = {ADACE711-3E0D-428C-AFA8-0488D2A8ECCD}
		{7BED8D08-233D-4598-81C9-C4D23B78E1AF} = {ADACE711-3E0D-428C-AFA8-0488D2A8ECCD}
		{875560C1-FCA0-447D-91B9-85FC9113F2B2} = {9973C7D6-1E73-4910-9DD7-5559AD7F4130}
		{E9A773E6-4EAD-40DD-9444-182090BD29AC} = {9973C7D6-1E73-4910-9DD7-5559AD7F4130}
		{27D04555-1F08-4E0E-A9A1-EBF384E10BED} = {9973C7D6-1E73-4910-9DD7-5559AD7F4130}
		{0A00F394-3B81-4A2A-9F4B-A5FE7712C3DC} = {215E2A5C-1248-4A34-B2CE-2C10691B5855}
		{8E07828D-C285-4404-9CB2-18DCE878D6E4} = {910133A8-F81A-4CDE-BDF2-7D904591E30B}
		{E851485B-C727-44A8-8410-25921478C696} = {910133A8-F81A-4CDE-BDF2-7D904591E30B}
		{5DD06703-2316-4B4F-9129-CC92199B06C0} = {F45CFDFB-862B-4DD3-BD33-82CF6A6D8AA1}
		{D6136AC3-FCCE-4C8E-884B-871AD8084BF0} = {196831B4-1E50-49EE-B83D-22FA157D9153}
		{26078473-6495-4D42-8626-225648BE3B48} = {196831B4-1E50-49EE-B83D-22FA157D9153}
		{417CBC7A-7AC8-4200-8F65-2BBB614C7BB3} = {9973C7D6-1E73-4910-9DD7-5559AD7F4130}
		{7401A6A0-E239-4906-9DFA-6EBDB69C86DE} = {F5F4BA31-5446-4C77-83F2-947B45A4A920}
		{1C29E51E-7CDF-404C-8D40-88A44C1F80FE} = {F5F4BA31-5446-4C77-83F2-947B45A4A920}
		{C99E917F-EA08-497C-BF81-69DA5DB9558B} = {F5F4BA31-5446-4C77-83F2-947B45A4A920}
		{BCEDA30D-C2BF-4402-8A80-7CFCB4D48EF3} = {F5F4BA31-5446-4C77-83F2-947B45A4A920}
		{3B6191A6-6546-4513-93AD-D79DEAAB09B0} = {9973C7D6-1E73-4910-9DD7-5559AD7F4130}
	EndGlobalSection
	GlobalSection(ExtensibilityGlobals) = postSolution
		SolutionGuid = {A963EC1D-DAFC-4D82-A5AF-AB9D0F4BE688}
	EndGlobalSection
EndGlobal
